{
  "name": "remitflow-mobile-rn-feature-tree",
  "version": "0.1.0",
  "lockfileVersion": 3,
  "requires": true,
  "packages": {
    "": {
      "name": "remitflow-mobile-rn-feature-tree",
      "version": "0.1.0",
      "dependencies": {
        "@tanstack/react-query": "^5.8.0",
        "@trpc/client": "^11.16.0",
        "@trpc/react-query": "^11.16.0",
        "superjson": "^2.2.6"
      },
      "devDependencies": {
        "@trpc/server": "^11.16.0",
        "@types/react": "^18.2.0",
        "typescript": "^5.3.0",
        "zod": "^3.22.0"
      }
    },
    "node_modules/@tanstack/query-core": {
      "version": "5.101.4",
      "resolved": "https://npm.mirrors.msh.team/@tanstack/query-core/-/query-core-5.101.4.tgz",
      "integrity": "sha512-gNwcvOJcRbLWPOLG/2OBm+zM+Yv+MKsXKEOWC57USuZDEsI71hEErQsiEGx5wX9rzWWkfwM0fVSPoiIFSsxfiw==",
      "license": "MIT",
      "funding": {
        "type": "github",
        "url": "https://github.com/sponsors/tannerlinsley"
      }
    },
    "node_modules/@tanstack/react-query": {
      "version": "5.101.4",
      "resolved": "https://npm.mirrors.msh.team/@tanstack/react-query/-/react-query-5.101.4.tgz",
      "integrity": "sha512-yRg2pfOCxIs4ZJW3XYYHU/WgtD04FHSnfHlpRT7h7pR77hwkdRG4wxbKe4aq6P0RvXUTBSQpQeadS1SUYUe+KA==",
      "license": "MIT",
      "dependencies": {
        "@tanstack/query-core": "5.101.4"
      },
      "funding": {
        "type": "github",
        "url": "https://github.com/sponsors/tannerlinsley"
      },
      "peerDependencies": {
        "react": "^18 || ^19"
      }
    },
    "node_modules/@trpc/client": {
      "version": "11.18.0",
      "resolved": "https://npm.mirrors.msh.team/@trpc/client/-/client-11.18.0.tgz",
      "integrity": "sha512-wOqeg3Fvl25V1ZisQhUD3K8G60ZJDlSGJNSyeXrLH24xAo5w6GSR2Kzb1cSNY9Y+IQ2YZvYGZstBU+V/ulo/ow==",
      "funding": [
        "https://trpc.io/sponsor"
      ],
      "license": "MIT",
      "bin": {
        "intent": "bin/intent.js"
      },
      "peerDependencies": {
        "@trpc/server": "11.18.0",
        "typescript": ">=5.7.2"
      }
    },
    "node_modules/@trpc/react-query": {
      "version": "11.18.0",
      "resolved": "https://npm.mirrors.msh.team/@trpc/react-query/-/react-query-11.18.0.tgz",
      "integrity": "sha512-C1+Wwm2pCeUJucI+bnFpxGYjNuvV+ko1BC1T9tUxBVdrhHRCdn9ubxdevdLSAa49XRJRJiZnSuzl3Ys/yvs1vg==",
      "funding": [
        "https://trpc.io/sponsor"
      ],
      "license": "MIT",
      "peerDependencies": {
        "@tanstack/react-query": "^5.80.3",
        "@trpc/client": "11.18.0",
        "@trpc/server": "11.18.0",
        "react": ">=18.2.0",
        "typescript": ">=5.7.2"
      }
    },
    "node_modules/@trpc/server": {
      "version": "11.18.0",
      "resolved": "https://npm.mirrors.msh.team/@trpc/server/-/server-11.18.0.tgz",
      "integrity": "sha512-JAvXOuNTxgXjIDfQaOvDq1j66LMNfDJUH1IU7Slfn8EvRv2EkH6ehu3A7zpYhjO0syHHiYg77v2lG2JFJgvw7Q==",
      "funding": [
        "https://trpc.io/sponsor"
      ],
      "license": "MIT",
      "bin": {
        "intent": "bin/intent.js"
      },
      "peerDependencies": {
        "typescript": ">=5.7.2"
      }
    },
    "node_modules/@types/prop-types": {
      "version": "15.7.15",
      "resolved": "https://npm.mirrors.msh.team/@types/prop-types/-/prop-types-15.7.15.tgz",
      "integrity": "sha512-F6bEyamV9jKGAFBEmlQnesRPGOQqS2+Uwi0Em15xenOxHaf2hv6L8YCVn3rPdPJOiJfPiCnLIRyvwVaqMY3MIw==",
      "dev": true,
      "license": "MIT"
    },
    "node_modules/@types/react": {
      "version": "18.3.31",
      "resolved": "https://npm.mirrors.msh.team/@types/react/-/react-18.3.31.tgz",
      "integrity": "sha512-vfEqpXTvwT91yhmwdfouStN2hSKwTvyRs8qpLfADyrq/kxDw0hZM7Wk9Ug1FELj8hIby+S/+kQCSRFF32nv2Qw==",
      "dev": true,
      "license": "MIT",
      "dependencies": {
        "@types/prop-types": "*",
        "csstype": "^3.2.2"
      }
    },
    "node_modules/copy-anything": {
      "version": "4.0.5",
      "resolved": "https://npm.mirrors.msh.team/copy-anything/-/copy-anything-4.0.5.tgz",
      "integrity": "sha512-7Vv6asjS4gMOuILabD3l739tsaxFQmC+a7pLZm02zyvs8p977bL3zEgq3yDk5rn9B0PbYgIv++jmHcuUab4RhA==",
      "license": "MIT",
      "dependencies": {
        "is-what": "^5.2.0"
      },
      "engines": {
        "node": ">=18"
      },
      "funding": {
        "url": "https://github.com/sponsors/mesqueeb"
      }
    },
    "node_modules/csstype": {
      "version": "3.2.3",
      "resolved": "https://npm.mirrors.msh.team/csstype/-/csstype-3.2.3.tgz",
      "integrity": "sha512-z1HGKcYy2xA8AGQfwrn0PAy+PB7X/GSj3UVJW9qKyn43xWa+gl5nXmU4qqLMRzWVLFC8KusUX8T/0kCiOYpAIQ==",
      "dev": true,
      "license": "MIT"
    },
    "node_modules/is-what": {
      "version": "5.5.0",
      "resolved": "https://npm.mirrors.msh.team/is-what/-/is-what-5.5.0.tgz",
      "integrity": "sha512-oG7cgbmg5kLYae2N5IVd3jm2s+vldjxJzK1pcu9LfpGuQ93MQSzo0okvRna+7y5ifrD+20FE8FvjusyGaz14fw==",
      "license": "MIT",
      "engines": {
        "node": ">=18"
      },
      "funding": {
        "url": "https://github.com/sponsors/mesqueeb"
      }
    },
    "node_modules/react": {
      "version": "19.2.8",
      "resolved": "https://npm.mirrors.msh.team/react/-/react-19.2.8.tgz",
      "integrity": "sha512-PWaYA1L/q9u2u7xYQi+Y3L3Yfnie7XyLeaJICV1MGD6LprsBxcAqGjYyr0eY3p+QdsA+x/Irkt4Qif8D63+Sbw==",
      "license": "MIT",
      "peer": true,
      "engines": {
        "node": ">=0.10.0"
      }
    },
    "node_modules/superjson": {
      "version": "2.2.6",
      "resolved": "https://npm.mirrors.msh.team/superjson/-/superjson-2.2.6.tgz",
      "integrity": "sha512-H+ue8Zo4vJmV2nRjpx86P35lzwDT3nItnIsocgumgr0hHMQ+ZGq5vrERg9kJBo5AWGmxZDhzDo+WVIJqkB0cGA==",
      "license": "MIT",
      "dependencies": {
        "copy-anything": "^4"
      },
      "engines": {
        "node": ">=16"
      }
    },
    "node_modules/typescript": {
      "version": "5.9.3",
      "resolved": "https://npm.mirrors.msh.team/typescript/-/typescript-5.9.3.tgz",
      "integrity": "sha512-jl1vZzPDinLr9eUt3J/t7V6FgNEw9QjvBPdysz9KfQDD41fQrC2Y4vKQdiaUpFT4bXlb1RHhLpp8wtm6M5TgSw==",
      "license": "Apache-2.0",
      "bin": {
        "tsc": "bin/tsc",
        "tsserver": "bin/tsserver"
      },
      "engines": {
        "node": ">=14.17"
      }
    },
    "node_modules/zod": {
      "version": "3.25.76",
      "resolved": "https://npm.mirrors.msh.team/zod/-/zod-3.25.76.tgz",
      "integrity": "sha512-gzUt/qt81nXsFGKIFcC3YnfEAx5NkunCfnDlvuBSSFS02bcXu4Lmea0AFIUwbLWxWPx3d9p8S5QoaujKcNQxcQ==",
      "dev": true,
      "license": "MIT",
      "funding": {
        "url": "https://github.com/sponsors/colinhacks"
      }
    }
  }
}
